<?xml version="1.0" encoding="utf-8"?>
<Project ToolsVersion="4.0" xmlns="http://schemas.microsoft.com/developer/msbuild/2003">
  <ItemGroup>
    <Filter Include="AnEngine">
      <UniqueIdentifier>{2A35E534-1602-4040-3F1B-2EE82B4775CE}</UniqueIdentifier>
    </Filter>
    <Filter Include="AnEngine\cpp">
      <UniqueIdentifier>{FC338BE1-E896-1A86-911C-533C7D5EE608}</UniqueIdentifier>
    </Filter>
    <Filter Include="AnEngine\include">
      <UniqueIdentifier>{9DE64124-89DF-6076-B211-46FB9E694082}</UniqueIdentifier>
    </Filter>
  </ItemGroup>
  <ItemGroup>
    <ClInclude Include="src\AnEngine.hpp" />
    <ClInclude Include="src\AnEngine\include\Application.hpp">
      <Filter>AnEngine\include</Filter>
    </ClInclude>
    <ClInclude Include="src\AnEngine\include\Core.hpp">
      <Filter>AnEngine\include</Filter>
    </ClInclude>
    <ClInclude Include="src\AnEngine\include\EntryPoint.hpp">
      <Filter>AnEngine\include</Filter>
    </ClInclude>
    <ClInclude Include="src\AnEngine\include\Log.hpp">
      <Filter>AnEngine\include</Filter>
    </ClInclude>
  </ItemGroup>
  <ItemGroup>
    <ClCompile Include="src\AnEngine\cpp\Application.cpp">
      <Filter>AnEngine\cpp</Filter>
    </ClCompile>
    <ClCompile Include="src\AnEngine\cpp\Log.cpp">
      <Filter>AnEngine\cpp</Filter>
    </ClCompile>
  </ItemGroup>
</Project>